
Microsoft Visual Studio Solution File, Format Version 12.00
# Visual Studio Version 17
VisualStudioVersion = 17.3.32922.545
MinimumVisualStudioVersion = 10.0.40219.1
Project("{FAE04EC0-301F-11D3-BF4B-00C04F79EFBC}") = "Таск 15(1)", "Таск 15(1).csproj", "{FAB22452-4AF1-40A6-8E09-E8B39D614FDD}"
EndProject
Global
	GlobalSection(SolutionConfigurationPlatforms) = preSolution
		Debug|Any CPU = Debug|Any CPU
		Release|Any CPU = Release|Any CPU
	EndGlobalSection
	GlobalSection(ProjectConfigurationPlatforms) = postSolution
		{FAB22452-4AF1-40A6-8E09-E8B39D614FDD}.Debug|Any CPU.ActiveCfg = Debug|Any CPU
		{FAB22452-4AF1-40A6-8E09-E8B39D614FDD}.Debug|Any CPU.Build.0 = Debug|Any CPU
		{FAB22452-4AF1-40A6-8E09-E8B39D614FDD}.Release|Any CPU.ActiveCfg = Release|Any CPU
		{FAB22452-4AF1-40A6-8E09-E8B39D614FDD}.Release|Any CPU.Build.0 = Release|Any CPU
	EndGlobalSection
	GlobalSection(SolutionProperties) = preSolution
		HideSolutionNode = FALSE
	EndGlobalSection
	GlobalSection(ExtensibilityGlobals) = postSolution
		SolutionGuid = {0028EC5D-2E15-4038-A44B-1C861B171EA8}
	EndGlobalSection
EndGlobal
